
Microsoft Visual Studio Solution File, Format Version 12.00
# Visual Studio 15
VisualStudioVersion = 15.0.28307.1062
MinimumVisualStudioVersion = 10.0.40219.1
Project("{FAE04EC0-301F-11D3-BF4B-00C04F79EFBC}") = "GraspPointService", "GraspPointService.csproj", "{7490E0FF-63E1-4701-871A-B2720BD83824}"
EndProject
Global
	GlobalSection(SolutionConfigurationPlatforms) = preSolution
		Debug|Any CPU = Debug|Any CPU
		Release|Any CPU = Release|Any CPU
	EndGlobalSection
	GlobalSection(ProjectConfigurationPlatforms) = postSolution
		{7490E0FF-63E1-4701-871A-B2720BD83824}.Debug|Any CPU.ActiveCfg = Debug|Any CPU
		{7490E0FF-63E1-4701-871A-B2720BD83824}.Debug|Any CPU.Build.0 = Debug|Any CPU
		{7490E0FF-63E1-4701-871A-B2720BD83824}.Release|Any CPU.ActiveCfg = Release|Any CPU
		{7490E0FF-63E1-4701-871A-B2720BD83824}.Release|Any CPU.Build.0 = Release|Any CPU
	EndGlobalSection
	GlobalSection(SolutionProperties) = preSolution
		HideSolutionNode = FALSE
	EndGlobalSection
	GlobalSection(ExtensibilityGlobals) = postSolution
		SolutionGuid = {AC4DA540-40CD-40AE-B209-FF1AE38C042B}
	EndGlobalSection
EndGlobal
